
Microsoft Visual Studio Solution File, Format Version 12.00
# Visual Studio Version 17
VisualStudioVersion = 17.9.34902.65
MinimumVisualStudioVersion = 10.0.40219.1
Project("{2150E333-8FDC-42A3-9474-1A3956D46DE8}") = "Task0", "Task0", "{C3BFF08D-9965-41FA-B8A1-78F2AE40F3BA}"
EndProject
Project("{FAE04EC0-301F-11D3-BF4B-00C04F79EFBC}") = "Tyuiu.MengAVSprint0.Task0.V0", "Tyuiu.MengAVSprint0.Task0.V0\Tyuiu.MengAVSprint0.Task0.V0.csproj", "{BBC314BD-C13D-4B4D-8A3B-F887C88F9637}"
EndProject
Project("{2150E333-8FDC-42A3-9474-1A3956D46DE8}") = "Task1", "Task1", "{A6510EC5-684B-4502-B6B2-9CA9B8A4C8CE}"
EndProject
Project("{FAE04EC0-301F-11D3-BF4B-00C04F79EFBC}") = "Tyuiu.MengAV.Sprint0.Task1.V0", "Tyuiu.MengAV.Sprint0.Task1.V0\Tyuiu.MengAV.Sprint0.Task1.V0.csproj", "{D752555D-FBDB-4686-A585-029728135D9C}"
EndProject
Project("{2150E333-8FDC-42A3-9474-1A3956D46DE8}") = "Task2", "Task2", "{0305F3CC-C7FE-495F-892E-7CFB93B183D5}"
EndProject
Project("{FAE04EC0-301F-11D3-BF4B-00C04F79EFBC}") = "Tyuiu.MengAV.Sprint0.Task2.V0", "Tyuiu.MengAV.Sprint0.Task2.V0\Tyuiu.MengAV.Sprint0.Task2.V0.csproj", "{12B78E22-326D-4DBD-8BCC-E7DE7685D841}"
EndProject
Project("{FAE04EC0-301F-11D3-BF4B-00C04F79EFBC}") = "Tyuiu.MengAV.Sprint0.Task2.V0.Lib", "Tyuiu.MengAV.Sprint0.Task2.V0.Lib\Tyuiu.MengAV.Sprint0.Task2.V0.Lib.csproj", "{E73E9DE2-8AD2-4D56-A0B3-BE2A9F507267}"
EndProject
Project("{FAE04EC0-301F-11D3-BF4B-00C04F79EFBC}") = "Tyuiu.MengAV.Sprint0.Task2.V0.Test", "Tyuiu.MengAV.Sprint0.Task2.V0.Test\Tyuiu.MengAV.Sprint0.Task2.V0.Test.csproj", "{AF359098-256E-44E8-87DF-47312135ED40}"
EndProject
Project("{2150E333-8FDC-42A3-9474-1A3956D46DE8}") = "Task3", "Task3", "{78A324BE-3704-40B6-A22D-F3BBED32557E}"
EndProject
Project("{FAE04EC0-301F-11D3-BF4B-00C04F79EFBC}") = "Tyuiu.MengAV.Sprint0.Task3.V0", "Tyuiu.MengAV.Sprint0.Task3.V0\Tyuiu.MengAV.Sprint0.Task3.V0.csproj", "{36D2C952-FDDF-4874-ADA0-2BFD81F2C16A}"
EndProject
Project("{FAE04EC0-301F-11D3-BF4B-00C04F79EFBC}") = "Tyuiu.MengAV.Sprint0.Task3.V0.Lib", "Tyuiu.MengAV.Sprint0.Task3.V0.Lib\Tyuiu.MengAV.Sprint0.Task3.V0.Lib.csproj", "{3F0587CD-FE68-4C9E-A205-20A7C562BCF8}"
EndProject
Project("{FAE04EC0-301F-11D3-BF4B-00C04F79EFBC}") = "Tyuiu.MengAV.Sprint0.Task3.V0.Test", "Tyuiu.MengAV.Sprint0.Task3.V0.Test\Tyuiu.MengAV.Sprint0.Task3.V0.Test.csproj", "{1EA8FE4B-575F-45FA-AA02-44EB9283BACC}"
EndProject
Global
	GlobalSection(SolutionConfigurationPlatforms) = preSolution
		Debug|Any CPU = Debug|Any CPU
		Release|Any CPU = Release|Any CPU
	EndGlobalSection
	GlobalSection(ProjectConfigurationPlatforms) = postSolution
		{BBC314BD-C13D-4B4D-8A3B-F887C88F9637}.Debug|Any CPU.ActiveCfg = Debug|Any CPU
		{BBC314BD-C13D-4B4D-8A3B-F887C88F9637}.Debug|Any CPU.Build.0 = Debug|Any CPU
		{BBC314BD-C13D-4B4D-8A3B-F887C88F9637}.Release|Any CPU.ActiveCfg = Release|Any CPU
		{BBC314BD-C13D-4B4D-8A3B-F887C88F9637}.Release|Any CPU.Build.0 = Release|Any CPU
		{D752555D-FBDB-4686-A585-029728135D9C}.Debug|Any CPU.ActiveCfg = Debug|Any CPU
		{D752555D-FBDB-4686-A585-029728135D9C}.Debug|Any CPU.Build.0 = Debug|Any CPU
		{D752555D-FBDB-4686-A585-029728135D9C}.Release|Any CPU.ActiveCfg = Release|Any CPU
		{D752555D-FBDB-4686-A585-029728135D9C}.Release|Any CPU.Build.0 = Release|Any CPU
		{12B78E22-326D-4DBD-8BCC-E7DE7685D841}.Debug|Any CPU.ActiveCfg = Debug|Any CPU
		{12B78E22-326D-4DBD-8BCC-E7DE7685D841}.Debug|Any CPU.Build.0 = Debug|Any CPU
		{12B78E22-326D-4DBD-8BCC-E7DE7685D841}.Release|Any CPU.ActiveCfg = Release|Any CPU
		{12B78E22-326D-4DBD-8BCC-E7DE7685D841}.Release|Any CPU.Build.0 = Release|Any CPU
		{E73E9DE2-8AD2-4D56-A0B3-BE2A9F507267}.Debug|Any CPU.ActiveCfg = Debug|Any CPU
		{E73E9DE2-8AD2-4D56-A0B3-BE2A9F507267}.Debug|Any CPU.Build.0 = Debug|Any CPU
		{E73E9DE2-8AD2-4D56-A0B3-BE2A9F507267}.Release|Any CPU.ActiveCfg = Release|Any CPU
		{E73E9DE2-8AD2-4D56-A0B3-BE2A9F507267}.Release|Any CPU.Build.0 = Release|Any CPU
		{AF359098-256E-44E8-87DF-47312135ED40}.Debug|Any CPU.ActiveCfg = Debug|Any CPU
		{AF359098-256E-44E8-87DF-47312135ED40}.Debug|Any CPU.Build.0 = Debug|Any CPU
		{AF359098-256E-44E8-87DF-47312135ED40}.Release|Any CPU.ActiveCfg = Release|Any CPU
		{AF359098-256E-44E8-87DF-47312135ED40}.Release|Any CPU.Build.0 = Release|Any CPU
		{36D2C952-FDDF-4874-ADA0-2BFD81F2C16A}.Debug|Any CPU.ActiveCfg = Debug|Any CPU
		{36D2C952-FDDF-4874-ADA0-2BFD81F2C16A}.Debug|Any CPU.Build.0 = Debug|Any CPU
		{36D2C952-FDDF-4874-ADA0-2BFD81F2C16A}.Release|Any CPU.ActiveCfg = Release|Any CPU
		{36D2C952-FDDF-4874-ADA0-2BFD81F2C16A}.Release|Any CPU.Build.0 = Release|Any CPU
		{3F0587CD-FE68-4C9E-A205-20A7C562BCF8}.Debug|Any CPU.ActiveCfg = Debug|Any CPU
		{3F0587CD-FE68-4C9E-A205-20A7C562BCF8}.Debug|Any CPU.Build.0 = Debug|Any CPU
		{3F0587CD-FE68-4C9E-A205-20A7C562BCF8}.Release|Any CPU.ActiveCfg = Release|Any CPU
		{3F0587CD-FE68-4C9E-A205-20A7C562BCF8}.Release|Any CPU.Build.0 = Release|Any CPU
		{1EA8FE4B-575F-45FA-AA02-44EB9283BACC}.Debug|Any CPU.ActiveCfg = Debug|Any CPU
		{1EA8FE4B-575F-45FA-AA02-44EB9283BACC}.Debug|Any CPU.Build.0 = Debug|Any CPU
		{1EA8FE4B-575F-45FA-AA02-44EB9283BACC}.Release|Any CPU.ActiveCfg = Release|Any CPU
		{1EA8FE4B-575F-45FA-AA02-44EB9283BACC}.Release|Any CPU.Build.0 = Release|Any CPU
	EndGlobalSection
	GlobalSection(SolutionProperties) = preSolution
		HideSolutionNode = FALSE
	EndGlobalSection
	GlobalSection(NestedProjects) = preSolution
		{BBC314BD-C13D-4B4D-8A3B-F887C88F9637} = {C3BFF08D-9965-41FA-B8A1-78F2AE40F3BA}
		{D752555D-FBDB-4686-A585-029728135D9C} = {A6510EC5-684B-4502-B6B2-9CA9B8A4C8CE}
		{12B78E22-326D-4DBD-8BCC-E7DE7685D841} = {0305F3CC-C7FE-495F-892E-7CFB93B183D5}
		{E73E9DE2-8AD2-4D56-A0B3-BE2A9F507267} = {0305F3CC-C7FE-495F-892E-7CFB93B183D5}
		{AF359098-256E-44E8-87DF-47312135ED40} = {0305F3CC-C7FE-495F-892E-7CFB93B183D5}
		{36D2C952-FDDF-4874-ADA0-2BFD81F2C16A} = {78A324BE-3704-40B6-A22D-F3BBED32557E}
		{3F0587CD-FE68-4C9E-A205-20A7C562BCF8} = {78A324BE-3704-40B6-A22D-F3BBED32557E}
		{1EA8FE4B-575F-45FA-AA02-44EB9283BACC} = {78A324BE-3704-40B6-A22D-F3BBED32557E}
	EndGlobalSection
	GlobalSection(ExtensibilityGlobals) = postSolution
		SolutionGuid = {030C8C28-DC2C-4600-B77C-A35AB83AFD49}
	EndGlobalSection
EndGlobal
